
Microsoft Visual Studio Solution File, Format Version 12.00
# Visual Studio 15
VisualStudioVersion = 15.0.28010.2026
MinimumVisualStudioVersion = 10.0.40219.1
Project("{FAE04EC0-301F-11D3-BF4B-00C04F79EFBC}") = "RESTServiceConsumerExamDice", "RESTServiceConsumerExamDice\RESTServiceConsumerExamDice.csproj", "{20FB417C-2A6E-4BEC-88FE-58A296F57050}"
EndProject
Global
	GlobalSection(SolutionConfigurationPlatforms) = preSolution
		Debug|Any CPU = Debug|Any CPU
		Release|Any CPU = Release|Any CPU
	EndGlobalSection
	GlobalSection(ProjectConfigurationPlatforms) = postSolution
		{20FB417C-2A6E-4BEC-88FE-58A296F57050}.Debug|Any CPU.ActiveCfg = Debug|Any CPU
		{20FB417C-2A6E-4BEC-88FE-58A296F57050}.Debug|Any CPU.Build.0 = Debug|Any CPU
		{20FB417C-2A6E-4BEC-88FE-58A296F57050}.Release|Any CPU.ActiveCfg = Release|Any CPU
		{20FB417C-2A6E-4BEC-88FE-58A296F57050}.Release|Any CPU.Build.0 = Release|Any CPU
	EndGlobalSection
	GlobalSection(SolutionProperties) = preSolution
		HideSolutionNode = FALSE
	EndGlobalSection
	GlobalSection(ExtensibilityGlobals) = postSolution
		SolutionGuid = {A0D05A88-57B5-4FB7-A50D-DD2B7EF65532}
	EndGlobalSection
EndGlobal
